
Microsoft Visual Studio Solution File, Format Version 12.00
# Visual Studio Version 17
VisualStudioVersion = 17.14.36811.4
MinimumVisualStudioVersion = 10.0.40219.1
Project("{FAE04EC0-301F-11D3-BF4B-00C04F79EFBC}") = "MockSchoolManagement", "MockSchoolManagement\MockSchoolManagement.csproj", "{5C0D1AF7-9E72-4031-91AD-B9087B873591}"
EndProject
Project("{FAE04EC0-301F-11D3-BF4B-00C04F79EFBC}") = "MockSchoolManagement.Bll", "MockSchoolManagement.Bll\MockSchoolManagement.Bll.csproj", "{38B686FB-52ED-4927-994A-E4EDEDB85CD2}"
EndProject
Project("{FAE04EC0-301F-11D3-BF4B-00C04F79EFBC}") = "MockSchoolManagement.Dal", "MockSchoolManagement.Dal\MockSchoolManagement.Dal.csproj", "{448C9C27-A4F8-4B88-83EB-1FCEC4DCD1D6}"
EndProject
Global
	GlobalSection(SolutionConfigurationPlatforms) = preSolution
		Debug|Any CPU = Debug|Any CPU
		Release|Any CPU = Release|Any CPU
	EndGlobalSection
	GlobalSection(ProjectConfigurationPlatforms) = postSolution
		{5C0D1AF7-9E72-4031-91AD-B9087B873591}.Debug|Any CPU.ActiveCfg = Debug|Any CPU
		{5C0D1AF7-9E72-4031-91AD-B9087B873591}.Debug|Any CPU.Build.0 = Debug|Any CPU
		{5C0D1AF7-9E72-4031-91AD-B9087B873591}.Release|Any CPU.ActiveCfg = Release|Any CPU
		{5C0D1AF7-9E72-4031-91AD-B9087B873591}.Release|Any CPU.Build.0 = Release|Any CPU
		{38B686FB-52ED-4927-994A-E4EDEDB85CD2}.Debug|Any CPU.ActiveCfg = Debug|Any CPU
		{38B686FB-52ED-4927-994A-E4EDEDB85CD2}.Debug|Any CPU.Build.0 = Debug|Any CPU
		{38B686FB-52ED-4927-994A-E4EDEDB85CD2}.Release|Any CPU.ActiveCfg = Release|Any CPU
		{38B686FB-52ED-4927-994A-E4EDEDB85CD2}.Release|Any CPU.Build.0 = Release|Any CPU
		{448C9C27-A4F8-4B88-83EB-1FCEC4DCD1D6}.Debug|Any CPU.ActiveCfg = Debug|Any CPU
		{448C9C27-A4F8-4B88-83EB-1FCEC4DCD1D6}.Debug|Any CPU.Build.0 = Debug|Any CPU
		{448C9C27-A4F8-4B88-83EB-1FCEC4DCD1D6}.Release|Any CPU.ActiveCfg = Release|Any CPU
		{448C9C27-A4F8-4B88-83EB-1FCEC4DCD1D6}.Release|Any CPU.Build.0 = Release|Any CPU
	EndGlobalSection
	GlobalSection(SolutionProperties) = preSolution
		HideSolutionNode = FALSE
	EndGlobalSection
	GlobalSection(ExtensibilityGlobals) = postSolution
		SolutionGuid = {8F982B8C-B446-409F-B540-087C2F4AEEF3}
	EndGlobalSection
EndGlobal
